
Microsoft Visual Studio Solution File, Format Version 12.00
# Visual Studio 14
VisualStudioVersion = 14.0.25420.1
MinimumVisualStudioVersion = 10.0.40219.1
Project("{FAE04EC0-301F-11D3-BF4B-00C04F79EFBC}") = "BarcodeVer1.0", "BarcodeVer1.0\BarcodeVer1.0.csproj", "{88F9430D-7BA8-49D9-92CE-57BEF225E8C4}"
EndProject
Project("{FAE04EC0-301F-11D3-BF4B-00C04F79EFBC}") = "BarcodeVer1.0.UnitTests", "BarcodeVer1.0.UnitTests\BarcodeVer1.0.UnitTests.csproj", "{58709D2A-83F5-4C25-A0E3-C0ADC6298257}"
EndProject
Global
	GlobalSection(SolutionConfigurationPlatforms) = preSolution
		Debug|Any CPU = Debug|Any CPU
		Release|Any CPU = Release|Any CPU
	EndGlobalSection
	GlobalSection(ProjectConfigurationPlatforms) = postSolution
		{88F9430D-7BA8-49D9-92CE-57BEF225E8C4}.Debug|Any CPU.ActiveCfg = Debug|Any CPU
		{88F9430D-7BA8-49D9-92CE-57BEF225E8C4}.Debug|Any CPU.Build.0 = Debug|Any CPU
		{88F9430D-7BA8-49D9-92CE-57BEF225E8C4}.Release|Any CPU.ActiveCfg = Release|Any CPU
		{88F9430D-7BA8-49D9-92CE-57BEF225E8C4}.Release|Any CPU.Build.0 = Release|Any CPU
		{58709D2A-83F5-4C25-A0E3-C0ADC6298257}.Debug|Any CPU.ActiveCfg = Debug|Any CPU
		{58709D2A-83F5-4C25-A0E3-C0ADC6298257}.Debug|Any CPU.Build.0 = Debug|Any CPU
		{58709D2A-83F5-4C25-A0E3-C0ADC6298257}.Release|Any CPU.ActiveCfg = Release|Any CPU
		{58709D2A-83F5-4C25-A0E3-C0ADC6298257}.Release|Any CPU.Build.0 = Release|Any CPU
	EndGlobalSection
	GlobalSection(SolutionProperties) = preSolution
		HideSolutionNode = FALSE
	EndGlobalSection
EndGlobal
